PODS:
  - Alamofire (5.0.5)
  - Hippolyte (1.2.1)
  - KRActivityIndicatorView (3.0.5)
  - KRProgressHUD (3.4.5):
    - KRActivityIndicatorView (= 3.0.5)
  - SDWebImage (5.6.1):
    - SDWebImage/Core (= 5.6.1)
  - SDWebImage/Core (5.6.1)

DEPENDENCIES:
  - Alamofire
  - Hippolyte
  - KRProgressHUD
  - SDWebImage

SPEC REPOS:
  trunk:
    - Alamofire
    - Hippolyte
    - KRActivityIndicatorView
    - KRProgressHUD
    - SDWebImage

SPEC CHECKSUMS:
  Alamofire: df2f8f826963b08b9a870791ad48e07a10090b2e
  Hippolyte: eba3f74297b82aa04330067cf99142d0db90a9db
  KRActivityIndicatorView: 912bc0413d98340f384b12a4e1e6aa8f42fb377d
  KRProgressHUD: df4cdc3a1baf708d4276a089ee34d133fa9a6f3e
  SDWebImage: 7edb9c3ea661e77a66661f7f044de8c1b55d1120

PODFILE CHECKSUM: 1f8fec66ae5c73e3287d40194cc4d72f7bd0b499

COCOAPODS: 1.8.4
